
Microsoft Visual Studio Solution File, Format Version 12.00
# Visual Studio Version 17
VisualStudioVersion = 17.11.35327.3
MinimumVisualStudioVersion = 10.0.40219.1
Project("{FAE04EC0-301F-11D3-BF4B-00C04F79EFBC}") = "PortfolioCore", "PortfolioCore\PortfolioCore.csproj", "{7CF73351-7520-43CC-B3E6-59E2FCE59B04}"
EndProject
Global
	GlobalSection(SolutionConfigurationPlatforms) = preSolution
		Debug|Any CPU = Debug|Any CPU
		Release|Any CPU = Release|Any CPU
	EndGlobalSection
	GlobalSection(ProjectConfigurationPlatforms) = postSolution
		{7CF73351-7520-43CC-B3E6-59E2FCE59B04}.Debug|Any CPU.ActiveCfg = Debug|Any CPU
		{7CF73351-7520-43CC-B3E6-59E2FCE59B04}.Debug|Any CPU.Build.0 = Debug|Any CPU
		{7CF73351-7520-43CC-B3E6-59E2FCE59B04}.Release|Any CPU.ActiveCfg = Release|Any CPU
		{7CF73351-7520-43CC-B3E6-59E2FCE59B04}.Release|Any CPU.Build.0 = Release|Any CPU
	EndGlobalSection
	GlobalSection(SolutionProperties) = preSolution
		HideSolutionNode = FALSE
	EndGlobalSection
	GlobalSection(ExtensibilityGlobals) = postSolution
		SolutionGuid = {D19F68F5-A2AA-460A-A395-C7BDEF20D1D2}
	EndGlobalSection
EndGlobal
